// !$*UTF8*$!
{
	archiveVersion = 1;
	classes = {
	};
	objectVersion = 46;
	objects = {

/* Begin PBXBuildFile section */
		9F10716B1ACEB2990010CFA7 /* AppDelegate.swift in Sources */ = {isa = PBXBuildFile; fileRef = 9F10716A1ACEB2990010CFA7 /* AppDelegate.swift */; };
		9F10716D1ACEB2990010CFA7 /* ViewController.swift in Sources */ = {isa = PBXBuildFile; fileRef = 9F10716C1ACEB2990010CFA7 /* ViewController.swift */; };
		9F1071701ACEB2990010CFA7 /* Main.storyboard in Resources */ = {isa = PBXBuildFile; fileRef = 9F10716E1ACEB2990010CFA7 /* Main.storyboard */; };
		9F1071721ACEB2990010CFA7 /* Images.xcassets in Resources */ = {isa = PBXBuildFile; fileRef = 9F1071711ACEB2990010CFA7 /* Images.xcassets */; };
		9F1071751ACEB2990010CFA7 /* LaunchScreen.xib in Resources */ = {isa = PBXBuildFile; fileRef = 9F1071731ACEB2990010CFA7 /* LaunchScreen.xib */; };
		9F1071811ACEB29A0010CFA7 /* SlotMachineTests.swift in Sources */ = {isa = PBXBuildFile; fileRef = 9F1071801ACEB29A0010CFA7 /* SlotMachineTests.swift */; };
		9F350F3C1AD01A1D0029DFFD /* Slot.swift in Sources */ = {isa = PBXBuildFile; fileRef = 9F350F3B1AD01A1D0029DFFD /* Slot.swift */; };
		9F350F3E1AD69BE90029DFFD /* Factory.swift in Sources */ = {isa = PBXBuildFile; fileRef = 9F350F3D1AD69BE90029DFFD /* Factory.swift */; };
		9F350F401AD761790029DFFD /* SlotBrain.swift in Sources */ = {isa = PBXBuildFile; fileRef = 9F350F3F1AD761790029DFFD /* SlotBrain.swift */; };
/* End PBXBuildFile section */

/* Begin PBXContainerItemProxy section */
		9F10717B1ACEB29A0010CFA7 /* PBXContainerItemProxy */ = {
			isa = PBXContainerItemProxy;
			containerPortal = 9F10715D1ACEB2990010CFA7 /* Project object */;
			proxyType = 1;
			remoteGlobalIDString = 9F1071641ACEB2990010CFA7;
			remoteInfo = SlotMachine;
		};
/* End PBXContainerItemProxy section */

/* Begin PBXFileReference section */
		9F1071651ACEB2990010CFA7 /* SlotMachine.app */ = {isa = PBXFileReference; explicitFileType = wrapper.application; includeInIndex = 0; path = SlotMachine.app; sourceTree = BUILT_PRODUCTS_DIR; };
		9F1071691ACEB2990010CFA7 /* Info.plist */ = {isa = PBXFileReference; lastKnownFileType = text.plist.xml; path = Info.plist; sourceTree = "<group>"; };
		9F10716A1ACEB2990010CFA7 /* AppDelegate.swift */ = {isa = PBXFileReference; lastKnownFileType = sourcecode.swift; path = AppDelegate.swift; sourceTree = "<group>"; };
		9F10716C1ACEB2990010CFA7 /* ViewController.swift */ = {isa = PBXFileReference; lastKnownFileType = sourcecode.swift; path = ViewController.swift; sourceTree = "<group>"; };
		9F10716F1ACEB2990010CFA7 /* Base */ = {isa = PBXFileReference; lastKnownFileType = file.storyboard; name = Base; path = Base.lproj/Main.storyboard; sourceTree = "<group>"; };
		9F1071711ACEB2990010CFA7 /* Images.xcassets */ = {isa = PBXFileReference; lastKnownFileType = folder.assetcatalog; path = Images.xcassets; sourceTree = "<group>"; };
		9F1071741ACEB2990010CFA7 /* Base */ = {isa = PBXFileReference; lastKnownFileType = file.xib; name = Base; path = Base.lproj/LaunchScreen.xib; sourceTree = "<group>"; };
		9F10717A1ACEB29A0010CFA7 /* SlotMachineTests.xctest */ = {isa = PBXFileReference; explicitFileType = wrapper.cfbundle; includeInIndex = 0; path = SlotMachineTests.xctest; sourceTree = BUILT_PRODUCTS_DIR; };
		9F10717F1ACEB29A0010CFA7 /* Info.plist */ = {isa = PBXFileReference; lastKnownFileType = text.plist.xml; path = Info.plist; sourceTree = "<group>"; };
		9F1071801ACEB29A0010CFA7 /* SlotMachineTests.swift */ = {isa = PBXFileReference; lastKnownFileType = sourcecode.swift; path = SlotMachineTests.swift; sourceTree = "<group>"; };
		9F350F3B1AD01A1D0029DFFD /* Slot.swift */ = {isa = PBXFileReference; fileEncoding = 4; lastKnownFileType = sourcecode.swift; path = Slot.swift; sourceTree = "<group>"; };
		9F350F3D1AD69BE90029DFFD /* Factory.swift */ = {isa = PBXFileReference; fileEncoding = 4; lastKnownFileType = sourcecode.swift; path = Factory.swift; sourceTree = "<group>"; };
		9F350F3F1AD761790029DFFD /* SlotBrain.swift */ = {isa = PBXFileReference; fileEncoding = 4; lastKnownFileType = sourcecode.swift; path = SlotBrain.swift; sourceTree = "<group>"; };
/* End PBXFileReference section */

/* Begin PBXFrameworksBuildPhase section */
		9F1071621ACEB2990010CFA7 /* Frameworks */ = {
			isa = PBXFrameworksBuildPhase;
			buildActionMask = 2147483647;
			files = (
			);
			runOnlyForDeploymentPostprocessing = 0;
		};
		9F1071771ACEB29A0010CFA7 /* Frameworks */ = {
			isa = PBXFrameworksBuildPhase;
			buildActionMask = 2147483647;
			files = (
			);
			runOnlyForDeploymentPostprocessing = 0;
		};
/* End PBXFrameworksBuildPhase section */

/* Begin PBXGroup section */
		9F10715C1ACEB2990010CFA7 = {
			isa = PBXGroup;
			children = (
				9F1071671ACEB2990010CFA7 /* SlotMachine */,
				9F10717D1ACEB29A0010CFA7 /* SlotMachineTests */,
				9F1071661ACEB2990010CFA7 /* Products */,
			);
			sourceTree = "<group>";
		};
		9F1071661ACEB2990010CFA7 /* Products */ = {
			isa = PBXGroup;
			children = (
				9F1071651ACEB2990010CFA7 /* SlotMachine.app */,
				9F10717A1ACEB29A0010CFA7 /* SlotMachineTests.xctest */,
			);
			name = Products;
			sourceTree = "<group>";
		};
		9F1071671ACEB2990010CFA7 /* SlotMachine */ = {
			isa = PBXGroup;
			children = (
				9F10716A1ACEB2990010CFA7 /* AppDelegate.swift */,
				9F10716C1ACEB2990010CFA7 /* ViewController.swift */,
				9F350F3F1AD761790029DFFD /* SlotBrain.swift */,
				9F350F3B1AD01A1D0029DFFD /* Slot.swift */,
				9F10716E1ACEB2990010CFA7 /* Main.storyboard */,
				9F1071711ACEB2990010CFA7 /* Images.xcassets */,
				9F350F3D1AD69BE90029DFFD /* Factory.swift */,
				9F1071731ACEB2990010CFA7 /* LaunchScreen.xib */,
				9F1071681ACEB2990010CFA7 /* Supporting Files */,
			);
			path = SlotMachine;
			sourceTree = "<group>";
		};
		9F1071681ACEB2990010CFA7 /* Supporting Files */ = {
			isa = PBXGroup;
			children = (
				9F1071691ACEB2990010CFA7 /* Info.plist */,
			);
			name = "Supporting Files";
			sourceTree = "<group>";
		};
		9F10717D1ACEB29A0010CFA7 /* SlotMachineTests */ = {
			isa = PBXGroup;
			children = (
				9F1071801ACEB29A0010CFA7 /* SlotMachineTests.swift */,
				9F10717E1ACEB29A0010CFA7 /* Supporting Files */,
			);
			path = SlotMachineTests;
			sourceTree = "<group>";
		};
		9F10717E1ACEB29A0010CFA7 /* Supporting Files */ = {
			isa = PBXGroup;
			children = (
				9F10717F1ACEB29A0010CFA7 /* Info.plist */,
			);
			name = "Supporting Files";
			sourceTree = "<group>";
		};
/* End PBXGroup section */

/* Begin PBXNativeTarget section */
		9F1071641ACEB2990010CFA7 /* SlotMachine */ = {
			isa = PBXNativeTarget;
			buildConfigurationList = 9F1071841ACEB29A0010CFA7 /* Build configuration list for PBXNativeTarget "SlotMachine" */;
			buildPhases = (
				9F1071611ACEB2990010CFA7 /* Sources */,
				9F1071621ACEB2990010CFA7 /* Frameworks */,
				9F1071631ACEB2990010CFA7 /* Resources */,
			);
			buildRules = (
			);
			dependencies = (
			);
			name = SlotMachine;
			productName = SlotMachine;
			productReference = 9F1071651ACEB2990010CFA7 /* SlotMachine.app */;
			productType = "com.apple.product-type.application";
		};
		9F1071791ACEB29A0010CFA7 /* SlotMachineTests */ = {
			isa = PBXNativeTarget;
			buildConfigurationList = 9F1071871ACEB29A0010CFA7 /* Build configuration list for PBXNativeTarget "SlotMachineTests" */;
			buildPhases = (
				9F1071761ACEB29A0010CFA7 /* Sources */,
				9F1071771ACEB29A0010CFA7 /* Frameworks */,
				9F1071781ACEB29A0010CFA7 /* Resources */,
			);
			buildRules = (
			);
			dependencies = (
				9F10717C1ACEB29A0010CFA7 /* PBXTargetDependency */,
			);
			name = SlotMachineTests;
			productName = SlotMachineTests;
			productReference = 9F10717A1ACEB29A0010CFA7 /* SlotMachineTests.xctest */;
			productType = "com.apple.product-type.bundle.unit-test";
		};
/* End PBXNativeTarget section */

/* Begin PBXProject section */
		9F10715D1ACEB2990010CFA7 /* Project object */ = {
			isa = PBXProject;
			attributes = {
				LastUpgradeCheck = 0600;
				ORGANIZATIONNAME = "miracle-works.com";
				TargetAttributes = {
					9F1071641ACEB2990010CFA7 = {
						CreatedOnToolsVersion = 6.0.1;
					};
					9F1071791ACEB29A0010CFA7 = {
						CreatedOnToolsVersion = 6.0.1;
						TestTargetID = 9F1071641ACEB2990010CFA7;
					};
				};
			};
			buildConfigurationList = 9F1071601ACEB2990010CFA7 /* Build configuration list for PBXProject "SlotMachine" */;
			compatibilityVersion = "Xcode 3.2";
			developmentRegion = English;
			hasScannedForEncodings = 0;
			knownRegions = (
				en,
				Base,
			);
			mainGroup = 9F10715C1ACEB2990010CFA7;
			productRefGroup = 9F1071661ACEB2990010CFA7 /* Products */;
			projectDirPath = "";
			projectRoot = "";
			targets = (
				9F1071641ACEB2990010CFA7 /* SlotMachine */,
				9F1071791ACEB29A0010CFA7 /* SlotMachineTests */,
			);
		};
/* End PBXProject section */

/* Begin PBXResourcesBuildPhase section */
		9F1071631ACEB2990010CFA7 /* Resources */ = {
			isa = PBXResourcesBuildPhase;
			buildActionMask = 2147483647;
			files = (
				9F1071701ACEB2990010CFA7 /* Main.storyboard in Resources */,
				9F1071751ACEB2990010CFA7 /* LaunchScreen.xib in Resources */,
				9F1071721ACEB2990010CFA7 /* Images.xcassets in Resources */,
			);
			runOnlyForDeploymentPostprocessing = 0;
		};
		9F1071781ACEB29A0010CFA7 /* Resources */ = {
			isa = PBXResourcesBuildPhase;
			buildActionMask = 2147483647;
			files = (
			);
			runOnlyForDeploymentPostprocessing = 0;
		};
/* End PBXResourcesBuildPhase section */

/* Begin PBXSourcesBuildPhase section */
		9F1071611ACEB2990010CFA7 /* Sources */ = {
			isa = PBXSourcesBuildPhase;
			buildActionMask = 2147483647;
			files = (
				9F350F3E1AD69BE90029DFFD /* Factory.swift in Sources */,
				9F10716D1ACEB2990010CFA7 /* ViewController.swift in Sources */,
				9F350F3C1AD01A1D0029DFFD /* Slot.swift in Sources */,
				9F10716B1ACEB2990010CFA7 /* AppDelegate.swift in Sources */,
				9F350F401AD761790029DFFD /* SlotBrain.swift in Sources */,
			);
			runOnlyForDeploymentPostprocessing = 0;
		};
		9F1071761ACEB29A0010CFA7 /* Sources */ = {
			isa = PBXSourcesBuildPhase;
			buildActionMask = 2147483647;
			files = (
				9F1071811ACEB29A0010CFA7 /* SlotMachineTests.swift in Sources */,
			);
			runOnlyForDeploymentPostprocessing = 0;
		};
/* End PBXSourcesBuildPhase section */

/* Begin PBXTargetDependency section */
		9F10717C1ACEB29A0010CFA7 /* PBXTargetDependency */ = {
			isa = PBXTargetDependency;
			target = 9F1071641ACEB2990010CFA7 /* SlotMachine */;
			targetProxy = 9F10717B1ACEB29A0010CFA7 /* PBXContainerItemProxy */;
		};
/* End PBXTargetDependency section */

/* Begin PBXVariantGroup section */
		9F10716E1ACEB2990010CFA7 /* Main.storyboard */ = {
			isa = PBXVariantGroup;
			children = (
				9F10716F1ACEB2990010CFA7 /* Base */,
			);
			name = Main.storyboard;
			sourceTree = "<group>";
		};
		9F1071731ACEB2990010CFA7 /* LaunchScreen.xib */ = {
			isa = PBXVariantGroup;
			children = (
				9F1071741ACEB2990010CFA7 /* Base */,
			);
			name = LaunchScreen.xib;
			sourceTree = "<group>";
		};
/* End PBXVariantGroup section */

/* Begin XCBuildConfiguration section */
		9F1071821ACEB29A0010CFA7 /* Debug */ = {
			isa = XCBuildConfiguration;
			buildSettings = {
				ALWAYS_SEARCH_USER_PATHS = NO;
				CLANG_CXX_LANGUAGE_STANDARD = "gnu++0x";
				CLANG_CXX_LIBRARY = "libc++";
				CLANG_ENABLE_MODULES = YES;
				CLANG_ENABLE_OBJC_ARC = YES;
				CLANG_WARN_BOOL_CONVERSION = YES;
				CLANG_WARN_CONSTANT_CONVERSION = YES;
				CLANG_WARN_DIRECT_OBJC_ISA_USAGE = YES_ERROR;
				CLANG_WARN_EMPTY_BODY = YES;
				CLANG_WARN_ENUM_CONVERSION = YES;
				CLANG_WARN_INT_CONVERSION = YES;
				CLANG_WARN_OBJC_ROOT_CLASS = YES_ERROR;
				CLANG_WARN_UNREACHABLE_CODE = YES;
				CLANG_WARN__DUPLICATE_METHOD_MATCH = YES;
				"CODE_SIGN_IDENTITY[sdk=iphoneos*]" = "iPhone Developer";
				COPY_PHASE_STRIP = NO;
				ENABLE_STRICT_OBJC_MSGSEND = YES;
				GCC_C_LANGUAGE_STANDARD = gnu99;
				GCC_DYNAMIC_NO_PIC = NO;
				GCC_OPTIMIZATION_LEVEL = 0;
				GCC_PREPROCESSOR_DEFINITIONS = (
					"DEBUG=1",
					"$(inherited)",
				);
				GCC_SYMBOLS_PRIVATE_EXTERN = NO;
				GCC_WARN_64_TO_32_BIT_CONVERSION = YES;
				GCC_WARN_ABOUT_RETURN_TYPE = YES_ERROR;
				GCC_WARN_UNDECLARED_SELECTOR = YES;
				GCC_WARN_UNINITIALIZED_AUTOS = YES_AGGRESSIVE;
				GCC_WARN_UNUSED_FUNCTION = YES;
				GCC_WARN_UNUSED_VARIABLE = YES;
				IPHONEOS_DEPLOYMENT_TARGET = 8.0;
				MTL_ENABLE_DEBUG_INFO = YES;
				ONLY_ACTIVE_ARCH = YES;
				SDKROOT = iphoneos;
				SWIFT_OPTIMIZATION_LEVEL = "-Onone";
				TARGETED_DEVICE_FAMILY = "1,2";
			};
			name = Debug;
		};
		9F1071831ACEB29A0010CFA7 /* Release */ = {
			isa = XCBuildConfiguration;
			buildSettings = {
				ALWAYS_SEARCH_USER_PATHS = NO;
				CLANG_CXX_LANGUAGE_STANDARD = "gnu++0x";
				CLANG_CXX_LIBRARY = "libc++";
				CLANG_ENABLE_MODULES = YES;
				CLANG_ENABLE_OBJC_ARC = YES;
				CLANG_WARN_BOOL_CONVERSION = YES;
				CLANG_WARN_CONSTANT_CONVERSION = YES;
				CLANG_WARN_DIRECT_OBJC_ISA_USAGE = YES_ERROR;
				CLANG_WARN_EMPTY_BODY = YES;
				CLANG_WARN_ENUM_CONVERSION = YES;
				CLANG_WARN_INT_CONVERSION = YES;
				CLANG_WARN_OBJC_ROOT_CLASS = YES_ERROR;
				CLANG_WARN_UNREACHABLE_CODE = YES;
				CLANG_WARN__DUPLICATE_METHOD_MATCH = YES;
				"CODE_SIGN_IDENTITY[sdk=iphoneos*]" = "iPhone Developer";
				COPY_PHASE_STRIP = YES;
				ENABLE_NS_ASSERTIONS = NO;
				ENABLE_STRICT_OBJC_MSGSEND = YES;
				GCC_C_LANGUAGE_STANDARD = gnu99;
				GCC_WARN_64_TO_32_BIT_CONVERSION = YES;
				GCC_WARN_ABOUT_RETURN_TYPE = YES_ERROR;
				GCC_WARN_UNDECLARED_SELECTOR = YES;
				GCC_WARN_UNINITIALIZED_AUTOS = YES_AGGRESSIVE;
				GCC_WARN_UNUSED_FUNCTION = YES;
				GCC_WARN_UNUSED_VARIABLE = YES;
				IPHONEOS_DEPLOYMENT_TARGET = 8.0;
				MTL_ENABLE_DEBUG_INFO = NO;
				SDKROOT = iphoneos;
				TARGETED_DEVICE_FAMILY = "1,2";
				VALIDATE_PRODUCT = YES;
			};
			name = Release;
		};
		9F1071851ACEB29A0010CFA7 /* Debug */ = {
			isa = XCBuildConfiguration;
			buildSettings = {
				ASSETCATALOG_COMPILER_APPICON_NAME = AppIcon;
				INFOPLIST_FILE = SlotMachine/Info.plist;
				LD_RUNPATH_SEARCH_PATHS = "$(inherited) @executable_path/Frameworks";
				PRODUCT_NAME = "$(TARGET_NAME)";
			};
			name = Debug;
		};
		9F1071861ACEB29A0010CFA7 /* Release */ = {
			isa = XCBuildConfiguration;
			buildSettings = {
				ASSETCATALOG_COMPILER_APPICON_NAME = AppIcon;
				INFOPLIST_FILE = SlotMachine/Info.plist;
				LD_RUNPATH_SEARCH_PATHS = "$(inherited) @executable_path/Frameworks";
				PRODUCT_NAME = "$(TARGET_NAME)";
			};
			name = Release;
		};
		9F1071881ACEB29A0010CFA7 /* Debug */ = {
			isa = XCBuildConfiguration;
			buildSettings = {
				BUNDLE_LOADER = "$(TEST_HOST)";
				FRAMEWORK_SEARCH_PATHS = (
					"$(SDKROOT)/Developer/Library/Frameworks",
					"$(inherited)",
				);
				GCC_PREPROCESSOR_DEFINITIONS = (
					"DEBUG=1",
					"$(inherited)",
				);
				INFOPLIST_FILE = SlotMachineTests/Info.plist;
				LD_RUNPATH_SEARCH_PATHS = "$(inherited) @executable_path/Frameworks @loader_path/Frameworks";
				PRODUCT_NAME = "$(TARGET_NAME)";
				TEST_HOST = "$(BUILT_PRODUCTS_DIR)/SlotMachine.app/SlotMachine";
			};
			name = Debug;
		};
		9F1071891ACEB29A0010CFA7 /* Release */ = {
			isa = XCBuildConfiguration;
			buildSettings = {
				BUNDLE_LOADER = "$(TEST_HOST)";
				FRAMEWORK_SEARCH_PATHS = (
					"$(SDKROOT)/Developer/Library/Frameworks",
					"$(inherited)",
				);
				INFOPLIST_FILE = SlotMachineTests/Info.plist;
				LD_RUNPATH_SEARCH_PATHS = "$(inherited) @executable_path/Frameworks @loader_path/Frameworks";
				PRODUCT_NAME = "$(TARGET_NAME)";
				TEST_HOST = "$(BUILT_PRODUCTS_DIR)/SlotMachine.app/SlotMachine";
			};
			name = Release;
		};
/* End XCBuildConfiguration section */

/* Begin XCConfigurationList section */
		9F1071601ACEB2990010CFA7 /* Build configuration list for PBXProject "SlotMachine" */ = {
			isa = XCConfigurationList;
			buildConfigurations = (
				9F1071821ACEB29A0010CFA7 /* Debug */,
				9F1071831ACEB29A0010CFA7 /* Release */,
			);
			defaultConfigurationIsVisible = 0;
			defaultConfigurationName = Release;
		};
		9F1071841ACEB29A0010CFA7 /* Build configuration list for PBXNativeTarget "SlotMachine" */ = {
			isa = XCConfigurationList;
			buildConfigurations = (
				9F1071851ACEB29A0010CFA7 /* Debug */,
				9F1071861ACEB29A0010CFA7 /* Release */,
			);
			defaultConfigurationIsVisible = 0;
			defaultConfigurationName = Release;
		};
		9F1071871ACEB29A0010CFA7 /* Build configuration list for PBXNativeTarget "SlotMachineTests" */ = {
			isa = XCConfigurationList;
			buildConfigurations = (
				9F1071881ACEB29A0010CFA7 /* Debug */,
				9F1071891ACEB29A0010CFA7 /* Release */,
			);
			defaultConfigurationIsVisible = 0;
			defaultConfigurationName = Release;
		};
/* End XCConfigurationList section */
	};
	rootObject = 9F10715D1ACEB2990010CFA7 /* Project object */;
}
